
Microsoft Visual Studio Solution File, Format Version 12.00
# Visual Studio Version 17
VisualStudioVersion = 17.1.32319.34
MinimumVisualStudioVersion = 10.0.40219.1
Project("{FAE04EC0-301F-11D3-BF4B-00C04F79EFBC}") = "PlaywrightSample", "PlaywrightSample.csproj", "{2E3F69C4-BBB1-4F1D-A983-368226DA1185}"
EndProject
Global
	GlobalSection(SolutionConfigurationPlatforms) = preSolution
		Debug|Any CPU = Debug|Any CPU
		Release|Any CPU = Release|Any CPU
	EndGlobalSection
	GlobalSection(ProjectConfigurationPlatforms) = postSolution
		{2E3F69C4-BBB1-4F1D-A983-368226DA1185}.Debug|Any CPU.ActiveCfg = Debug|Any CPU
		{2E3F69C4-BBB1-4F1D-A983-368226DA1185}.Debug|Any CPU.Build.0 = Debug|Any CPU
		{2E3F69C4-BBB1-4F1D-A983-368226DA1185}.Release|Any CPU.ActiveCfg = Release|Any CPU
		{2E3F69C4-BBB1-4F1D-A983-368226DA1185}.Release|Any CPU.Build.0 = Release|Any CPU
	EndGlobalSection
	GlobalSection(SolutionProperties) = preSolution
		HideSolutionNode = FALSE
	EndGlobalSection
	GlobalSection(ExtensibilityGlobals) = postSolution
		SolutionGuid = {17C27517-A451-4B7A-AD94-17EFE991E5F8}
	EndGlobalSection
EndGlobal
